
Microsoft Visual Studio Solution File, Format Version 12.00
# Visual Studio Version 16
VisualStudioVersion = 16.0.29324.140
MinimumVisualStudioVersion = 10.0.40219.1
Project("{9A19103F-16F7-4668-BE54-9A1E7A4F7556}") = "Lab1A", "Lab1A\Lab1A.csproj", "{D22942FA-9046-44A2-801B-243F4046D9E5}"
EndProject
Project("{FAE04EC0-301F-11D3-BF4B-00C04F79EFBC}") = "Lab1B", "Lab1B\Lab1B.csproj", "{6995A90A-E9D0-470B-84C1-35A05F5181F9}"
EndProject
Global
	GlobalSection(SolutionConfigurationPlatforms) = preSolution
		Debug|Any CPU = Debug|Any CPU
		Release|Any CPU = Release|Any CPU
	EndGlobalSection
	GlobalSection(ProjectConfigurationPlatforms) = postSolution
		{D22942FA-9046-44A2-801B-243F4046D9E5}.Debug|Any CPU.ActiveCfg = Debug|Any CPU
		{D22942FA-9046-44A2-801B-243F4046D9E5}.Debug|Any CPU.Build.0 = Debug|Any CPU
		{D22942FA-9046-44A2-801B-243F4046D9E5}.Release|Any CPU.ActiveCfg = Release|Any CPU
		{D22942FA-9046-44A2-801B-243F4046D9E5}.Release|Any CPU.Build.0 = Release|Any CPU
		{6995A90A-E9D0-470B-84C1-35A05F5181F9}.Debug|Any CPU.ActiveCfg = Debug|Any CPU
		{6995A90A-E9D0-470B-84C1-35A05F5181F9}.Debug|Any CPU.Build.0 = Debug|Any CPU
		{6995A90A-E9D0-470B-84C1-35A05F5181F9}.Release|Any CPU.ActiveCfg = Release|Any CPU
		{6995A90A-E9D0-470B-84C1-35A05F5181F9}.Release|Any CPU.Build.0 = Release|Any CPU
	EndGlobalSection
	GlobalSection(SolutionProperties) = preSolution
		HideSolutionNode = FALSE
	EndGlobalSection
	GlobalSection(ExtensibilityGlobals) = postSolution
		SolutionGuid = {163BF414-8D31-4C22-8719-7A0F241C71D0}
	EndGlobalSection
EndGlobal
